{
  "version": 4,
  "terraform_version": "0.12.2",
  "serial": 8,
  "lineage": "a3b00154-3840-a992-b04c-e49c0eb11c24",
  "outputs": {},
  "resources": [
    {
      "mode": "managed",
      "type": "aws_eip",
      "name": "ubuntu",
      "provider": "provider.aws",
      "instances": [
        {
          "schema_version": 0,
          "attributes": {
            "allocation_id": null,
            "associate_with_private_ip": null,
            "association_id": "eipassoc-0e9b1b2267a060b0c",
            "carrier_ip": "",
            "customer_owned_ip": "",
            "customer_owned_ipv4_pool": "",
            "domain": "vpc",
            "id": "eipalloc-0329250869cbcf8d3",
            "instance": "i-0f18edf9a902c690e",
            "network_border_group": "eu-west-2",
            "network_interface": "eni-0830b60ca2351469a",
            "private_dns": "ip-172-31-38-195.eu-west-2.compute.internal",
            "private_ip": "172.31.38.195",
            "public_dns": "ec2-18-135-235-209.eu-west-2.compute.amazonaws.com",
            "public_ip": "18.135.235.209",
            "public_ipv4_pool": "amazon",
            "tags": null,
            "timeouts": null,
            "vpc": true
          },
          "private": "eyJlMmJmYjczMC1lY2FhLTExZTYtOGY4OC0zNDM2M2JjN2M0YzAiOnsiZGVsZXRlIjoxODAwMDAwMDAwMDAsInJlYWQiOjkwMDAwMDAwMDAwMCwidXBkYXRlIjozMDAwMDAwMDAwMDB9fQ==",
          "depends_on": [
            "aws_instance.ubuntu"
          ]
        }
      ]
    },
    {
      "mode": "managed",
      "type": "aws_instance",
      "name": "ubuntu",
      "provider": "provider.aws",
      "instances": [
        {
          "schema_version": 1,
          "attributes": {
            "ami": "ami-098828924dc89ea4a",
            "arn": "arn:aws:ec2:eu-west-2:307595094074:instance/i-0f18edf9a902c690e",
            "associate_public_ip_address": true,
            "availability_zone": "eu-west-2b",
            "cpu_core_count": 1,
            "cpu_threads_per_core": 1,
            "credit_specification": [
              {
                "cpu_credits": "standard"
              }
            ],
            "disable_api_termination": false,
            "ebs_block_device": [
              {
                "delete_on_termination": true,
                "device_name": "/dev/sda1",
                "encrypted": false,
                "iops": 100,
                "kms_key_id": "",
                "snapshot_id": "",
                "tags": {},
                "throughput": 0,
                "volume_id": "vol-05a5c5c7d74b8b87a",
                "volume_size": 30,
                "volume_type": "gp2"
              }
            ],
            "ebs_optimized": false,
            "enclave_options": [
              {
                "enabled": false
              }
            ],
            "ephemeral_block_device": [],
            "get_password_data": false,
            "hibernation": false,
            "host_id": null,
            "iam_instance_profile": "",
            "id": "i-0f18edf9a902c690e",
            "instance_initiated_shutdown_behavior": null,
            "instance_state": "running",
            "instance_type": "t2.micro",
            "ipv6_address_count": 0,
            "ipv6_addresses": [],
            "key_name": "ubuntu",
            "metadata_options": [
              {
                "http_endpoint": "enabled",
                "http_put_response_hop_limit": 1,
                "http_tokens": "optional"
              }
            ],
            "monitoring": false,
            "network_interface": [],
            "outpost_arn": "",
            "password_data": "",
            "placement_group": "",
            "primary_network_interface_id": "eni-0830b60ca2351469a",
            "private_dns": "ip-172-31-38-195.eu-west-2.compute.internal",
            "private_ip": "172.31.38.195",
            "public_dns": "ec2-18-132-49-165.eu-west-2.compute.amazonaws.com",
            "public_ip": "18.132.49.165",
            "root_block_device": [
              {
                "delete_on_termination": true,
                "device_name": "/dev/xvda",
                "encrypted": false,
                "iops": 100,
                "kms_key_id": "",
                "tags": {},
                "throughput": 0,
                "volume_id": "vol-010d8b5914d724e90",
                "volume_size": 8,
                "volume_type": "gp2"
              }
            ],
            "secondary_private_ips": [],
            "security_groups": [
              "ubuntu-security-group"
            ],
            "source_dest_check": true,
            "subnet_id": "subnet-4690820b",
            "tags": {
              "Name": "ubuntu"
            },
            "tenancy": "default",
            "timeouts": null,
            "user_data": null,
            "user_data_base64": null,
            "volume_tags": null,
            "vpc_security_group_ids": [
              "sg-089fbdbc9974ba9c8"
            ]
          },
          "private": "eyJlMmJmYjczMC1lY2FhLTExZTYtOGY4OC0zNDM2M2JjN2M0YzAiOnsiY3JlYXRlIjo2MDAwMDAwMDAwMDAsImRlbGV0ZSI6MTIwMDAwMDAwMDAwMCwidXBkYXRlIjo2MDAwMDAwMDAwMDB9LCJzY2hlbWFfdmVyc2lvbiI6IjEifQ==",
          "depends_on": [
            "aws_key_pair.ubuntu",
            "aws_security_group.ubuntu"
          ]
        }
      ]
    },
    {
      "mode": "managed",
      "type": "aws_key_pair",
      "name": "ubuntu",
      "provider": "provider.aws",
      "instances": [
        {
          "schema_version": 1,
          "attributes": {
            "arn": "arn:aws:ec2:eu-west-2:307595094074:key-pair/ubuntu",
            "fingerprint": "bf:e8:88:80:47:1b:ac:98:45:da:5f:9c:5e:34:74:4d",
            "id": "ubuntu",
            "key_name": "ubuntu",
            "key_name_prefix": null,
            "key_pair_id": "key-0b59da3184e23b6d4",
            "public_key": "ssh-rsa AAAAB3NzaC1yc2EAAAADAQABAAABgQDdwY1HH0RbIFg+ygnDTbYeT0IT1khPADGB9D8xBDiZTBsY0ENISxHmYOIj55g7OA3c0T9LI0abq8OvUyfNDMSFZ0UaHPO0SJB3mUq//mOmReudd/P175DAB597nCPh3Hh4uFwQoBfiysRY4gfnEMdVTlOBuS8OgOWRmK5jYJBh3zYzAVyhGt8tHCDqhw0kxRLIEqhCaSLaSu5/TmYu6jZxkQbujG5Tb7xT2IHsL8iGtSvg+RgB/Wjw6cKT2FOad4JrgIVVuiXYfSZgteFKawysRGAX98SXJQ7c927k10CShJanZBriQ3gpgUofZfQ2QMKymxWMCnJjQ010Vfl1vDrw/RSg1t6Ioe5CPtr7qVgnRkAu2/cEliWRITHGrj/jaZqFykH/0NSb+YSRruW+3/6ynpCy54srZa/vPyJgJjglKf0CeU7y9FtASRwqq3agEcuyjNnbi4TimpnQAQRn4HlBxgB0Km3N4MOBu0UEDpl7cJBit6GQy4Y0vaOilp0jm7k= root@localhost.localdomain",
            "tags": {}
          },
          "private": "eyJzY2hlbWFfdmVyc2lvbiI6IjEifQ=="
        }
      ]
    },
    {
      "mode": "managed",
      "type": "aws_security_group",
      "name": "ubuntu",
      "provider": "provider.aws",
      "instances": [
        {
          "schema_version": 1,
          "attributes": {
            "arn": "arn:aws:ec2:eu-west-2:307595094074:security-group/sg-089fbdbc9974ba9c8",
            "description": "Allow HTTP, HTTPS and SSH traffic",
            "egress": [
              {
                "cidr_blocks": [
                  "0.0.0.0/0"
                ],
                "description": "",
                "from_port": 0,
                "ipv6_cidr_blocks": [],
                "prefix_list_ids": [],
                "protocol": "-1",
                "security_groups": [],
                "self": false,
                "to_port": 0
              }
            ],
            "id": "sg-089fbdbc9974ba9c8",
            "ingress": [
              {
                "cidr_blocks": [
                  "0.0.0.0/0"
                ],
                "description": "HTTP",
                "from_port": 80,
                "ipv6_cidr_blocks": [],
                "prefix_list_ids": [],
                "protocol": "tcp",
                "security_groups": [],
                "self": false,
                "to_port": 80
              },
              {
                "cidr_blocks": [
                  "0.0.0.0/0"
                ],
                "description": "HTTPS",
                "from_port": 443,
                "ipv6_cidr_blocks": [],
                "prefix_list_ids": [],
                "protocol": "tcp",
                "security_groups": [],
                "self": false,
                "to_port": 443
              },
              {
                "cidr_blocks": [
                  "0.0.0.0/0"
                ],
                "description": "SSH",
                "from_port": 22,
                "ipv6_cidr_blocks": [],
                "prefix_list_ids": [],
                "protocol": "tcp",
                "security_groups": [],
                "self": false,
                "to_port": 22
              }
            ],
            "name": "ubuntu-security-group",
            "name_prefix": "",
            "owner_id": "307595094074",
            "revoke_rules_on_delete": false,
            "tags": {
              "Name": "terraform"
            },
            "timeouts": null,
            "vpc_id": "vpc-e9853381"
          },
          "private": "eyJlMmJmYjczMC1lY2FhLTExZTYtOGY4OC0zNDM2M2JjN2M0YzAiOnsiY3JlYXRlIjo2MDAwMDAwMDAwMDAsImRlbGV0ZSI6NjAwMDAwMDAwMDAwfSwic2NoZW1hX3ZlcnNpb24iOiIxIn0="
        }
      ]
    }
  ]
}
